
Microsoft Visual Studio Solution File, Format Version 12.00
# Visual Studio 14
VisualStudioVersion = 14.0.25123.0
MinimumVisualStudioVersion = 10.0.40219.1
Project("{FAE04EC0-301F-11D3-BF4B-00C04F79EFBC}") = "BILove", "BILove\BILove.csproj", "{8DA4EFBB-A7F8-4E3A-BB29-FA823C447807}"
EndProject
Project("{FAE04EC0-301F-11D3-BF4B-00C04F79EFBC}") = "BILoveModel", "BILoveModel\BILoveModel.csproj", "{7B25E3FA-7EC0-4834-B289-E2A2E46191F4}"
EndProject
Global
	GlobalSection(SolutionConfigurationPlatforms) = preSolution
		Debug|Any CPU = Debug|Any CPU
		Release|Any CPU = Release|Any CPU
	EndGlobalSection
	GlobalSection(ProjectConfigurationPlatforms) = postSolution
		{8DA4EFBB-A7F8-4E3A-BB29-FA823C447807}.Debug|Any CPU.ActiveCfg = Debug|Any CPU
		{8DA4EFBB-A7F8-4E3A-BB29-FA823C447807}.Debug|Any CPU.Build.0 = Debug|Any CPU
		{8DA4EFBB-A7F8-4E3A-BB29-FA823C447807}.Release|Any CPU.ActiveCfg = Release|Any CPU
		{8DA4EFBB-A7F8-4E3A-BB29-FA823C447807}.Release|Any CPU.Build.0 = Release|Any CPU
		{7B25E3FA-7EC0-4834-B289-E2A2E46191F4}.Debug|Any CPU.ActiveCfg = Debug|Any CPU
		{7B25E3FA-7EC0-4834-B289-E2A2E46191F4}.Debug|Any CPU.Build.0 = Debug|Any CPU
		{7B25E3FA-7EC0-4834-B289-E2A2E46191F4}.Release|Any CPU.ActiveCfg = Release|Any CPU
		{7B25E3FA-7EC0-4834-B289-E2A2E46191F4}.Release|Any CPU.Build.0 = Release|Any CPU
	EndGlobalSection
	GlobalSection(SolutionProperties) = preSolution
		HideSolutionNode = FALSE
	EndGlobalSection
EndGlobal
